
Microsoft Visual Studio Solution File, Format Version 12.00
# Visual Studio Version 17
VisualStudioVersion = 17.7.34024.191
MinimumVisualStudioVersion = 10.0.40219.1
Project("{FAE04EC0-301F-11D3-BF4B-00C04F79EFBC}") = "ejiiik", "ejiiik\ejiiik.csproj", "{A7B871E4-F084-4811-8A5E-EEBC4DD3F373}"
EndProject
Global
	GlobalSection(SolutionConfigurationPlatforms) = preSolution
		Debug|Any CPU = Debug|Any CPU
		Release|Any CPU = Release|Any CPU
	EndGlobalSection
	GlobalSection(ProjectConfigurationPlatforms) = postSolution
		{A7B871E4-F084-4811-8A5E-EEBC4DD3F373}.Debug|Any CPU.ActiveCfg = Debug|Any CPU
		{A7B871E4-F084-4811-8A5E-EEBC4DD3F373}.Debug|Any CPU.Build.0 = Debug|Any CPU
		{A7B871E4-F084-4811-8A5E-EEBC4DD3F373}.Release|Any CPU.ActiveCfg = Release|Any CPU
		{A7B871E4-F084-4811-8A5E-EEBC4DD3F373}.Release|Any CPU.Build.0 = Release|Any CPU
	EndGlobalSection
	GlobalSection(SolutionProperties) = preSolution
		HideSolutionNode = FALSE
	EndGlobalSection
	GlobalSection(ExtensibilityGlobals) = postSolution
		SolutionGuid = {2F50808C-EFCD-43A1-98F1-F5C49D661077}
	EndGlobalSection
EndGlobal
